
Microsoft Visual Studio Solution File, Format Version 12.00
# Visual Studio 2013
VisualStudioVersion = 12.0.31101.0
MinimumVisualStudioVersion = 10.0.40219.1
Project("{2150E333-8FDC-42A3-9474-1A3956D46DE8}") = "Libs", "Libs", "{B4B628F9-5106-4825-9823-03FDD6ED76DA}"
	ProjectSection(SolutionItems) = preProject
		Libs\Aliyun.OSS.dll = Libs\Aliyun.OSS.dll
		Libs\EntityFramework.dll = Libs\EntityFramework.dll
		Libs\EntityFramework.SqlServer.dll = Libs\EntityFramework.SqlServer.dll
		Libs\Microsoft.Http.dll = Libs\Microsoft.Http.dll
		Libs\MongoDB.Bson.dll = Libs\MongoDB.Bson.dll
		Libs\MongoDB.Driver.dll = Libs\MongoDB.Driver.dll
		Libs\Newtonsoft.Json.dll = Libs\Newtonsoft.Json.dll
	EndProjectSection
EndProject
Project("{FAE04EC0-301F-11D3-BF4B-00C04F79EFBC}") = "OurHelper", "OurHelper\OurHelper.csproj", "{9A761907-0A38-42C9-86B4-32B28DFD5918}"
EndProject
Project("{FAE04EC0-301F-11D3-BF4B-00C04F79EFBC}") = "OurHelper.DataAccess", "OurHelper.DataAccess\OurHelper.DataAccess.csproj", "{2F822DFA-63EC-4E78-9F52-E98469A5FC5E}"
EndProject
Project("{FAE04EC0-301F-11D3-BF4B-00C04F79EFBC}") = "OurHelper.Entity", "OurHelper.Entity\OurHelper.Entity.csproj", "{3796CEC7-58CC-4399-9480-6866D8039599}"
EndProject
Project("{FAE04EC0-301F-11D3-BF4B-00C04F79EFBC}") = "OurHelper.DataAccess.EF", "OurHelper.DataAccess.EF\OurHelper.DataAccess.EF.csproj", "{BA457EC0-2AFB-45BB-8A21-0FAB1E95C2AE}"
EndProject
Project("{FAE04EC0-301F-11D3-BF4B-00C04F79EFBC}") = "OurHelper.DataAccess.MongoDB", "OurHelper.DataAccess.MongoDB\OurHelper.DataAccess.MongoDB.csproj", "{98DC6BEF-D925-4037-A414-A7958BD53B76}"
EndProject
Project("{FAE04EC0-301F-11D3-BF4B-00C04F79EFBC}") = "OurHelper.Plugins", "OurHelper.Plugins\OurHelper.Plugins.csproj", "{5F3F67AD-1EB7-4700-BDB5-6A305153D414}"
EndProject
Project("{FAE04EC0-301F-11D3-BF4B-00C04F79EFBC}") = "OurHelper.DataAccess.MySqlEF", "OurHelper.DataAccess.MySqlEF\OurHelper.DataAccess.MySqlEF.csproj", "{E6FDB5CF-EEC4-4E47-B38C-22B39F27F4BA}"
EndProject
Project("{FAE04EC0-301F-11D3-BF4B-00C04F79EFBC}") = "OurHelper.Api", "OurHelper.Api\OurHelper.Api.csproj", "{E513EE92-49DB-4683-A732-D4702F7C09AA}"
EndProject
Project("{2150E333-8FDC-42A3-9474-1A3956D46DE8}") = "帮助类", "帮助类", "{44E51237-364C-43CD-A4DF-E21CC5B98B97}"
EndProject
Project("{2150E333-8FDC-42A3-9474-1A3956D46DE8}") = "数据库", "数据库", "{774D1338-4058-4544-ADDA-D5A33EB5E499}"
EndProject
Project("{2150E333-8FDC-42A3-9474-1A3956D46DE8}") = "API", "API", "{8A8FB42E-0340-4A8B-AE76-6E1C0AB6A01A}"
EndProject
Project("{2150E333-8FDC-42A3-9474-1A3956D46DE8}") = "实体", "实体", "{C2264DEA-9138-4F51-823C-D01328C1EDDB}"
EndProject
Project("{2150E333-8FDC-42A3-9474-1A3956D46DE8}") = "第三方", "第三方", "{058CA041-BF8F-42B6-9FB6-85AD54CFD8D2}"
EndProject
Project("{FAE04EC0-301F-11D3-BF4B-00C04F79EFBC}") = "ClientProxy", "ClientProxy\ClientProxy.csproj", "{97BEC4F5-9086-42E4-9956-5D6C39189F6A}"
EndProject
Global
	GlobalSection(SolutionConfigurationPlatforms) = preSolution
		Debug|Any CPU = Debug|Any CPU
		Release|Any CPU = Release|Any CPU
	EndGlobalSection
	GlobalSection(ProjectConfigurationPlatforms) = postSolution
		{9A761907-0A38-42C9-86B4-32B28DFD5918}.Debug|Any CPU.ActiveCfg = Debug|Any CPU
		{9A761907-0A38-42C9-86B4-32B28DFD5918}.Debug|Any CPU.Build.0 = Debug|Any CPU
		{9A761907-0A38-42C9-86B4-32B28DFD5918}.Release|Any CPU.ActiveCfg = Release|Any CPU
		{9A761907-0A38-42C9-86B4-32B28DFD5918}.Release|Any CPU.Build.0 = Release|Any CPU
		{2F822DFA-63EC-4E78-9F52-E98469A5FC5E}.Debug|Any CPU.ActiveCfg = Debug|Any CPU
		{2F822DFA-63EC-4E78-9F52-E98469A5FC5E}.Debug|Any CPU.Build.0 = Debug|Any CPU
		{2F822DFA-63EC-4E78-9F52-E98469A5FC5E}.Release|Any CPU.ActiveCfg = Release|Any CPU
		{2F822DFA-63EC-4E78-9F52-E98469A5FC5E}.Release|Any CPU.Build.0 = Release|Any CPU
		{3796CEC7-58CC-4399-9480-6866D8039599}.Debug|Any CPU.ActiveCfg = Debug|Any CPU
		{3796CEC7-58CC-4399-9480-6866D8039599}.Debug|Any CPU.Build.0 = Debug|Any CPU
		{3796CEC7-58CC-4399-9480-6866D8039599}.Release|Any CPU.ActiveCfg = Release|Any CPU
		{3796CEC7-58CC-4399-9480-6866D8039599}.Release|Any CPU.Build.0 = Release|Any CPU
		{BA457EC0-2AFB-45BB-8A21-0FAB1E95C2AE}.Debug|Any CPU.ActiveCfg = Debug|Any CPU
		{BA457EC0-2AFB-45BB-8A21-0FAB1E95C2AE}.Debug|Any CPU.Build.0 = Debug|Any CPU
		{BA457EC0-2AFB-45BB-8A21-0FAB1E95C2AE}.Release|Any CPU.ActiveCfg = Release|Any CPU
		{BA457EC0-2AFB-45BB-8A21-0FAB1E95C2AE}.Release|Any CPU.Build.0 = Release|Any CPU
		{98DC6BEF-D925-4037-A414-A7958BD53B76}.Debug|Any CPU.ActiveCfg = Debug|Any CPU
		{98DC6BEF-D925-4037-A414-A7958BD53B76}.Debug|Any CPU.Build.0 = Debug|Any CPU
		{98DC6BEF-D925-4037-A414-A7958BD53B76}.Release|Any CPU.ActiveCfg = Release|Any CPU
		{98DC6BEF-D925-4037-A414-A7958BD53B76}.Release|Any CPU.Build.0 = Release|Any CPU
		{5F3F67AD-1EB7-4700-BDB5-6A305153D414}.Debug|Any CPU.ActiveCfg = Debug|Any CPU
		{5F3F67AD-1EB7-4700-BDB5-6A305153D414}.Debug|Any CPU.Build.0 = Debug|Any CPU
		{5F3F67AD-1EB7-4700-BDB5-6A305153D414}.Release|Any CPU.ActiveCfg = Release|Any CPU
		{5F3F67AD-1EB7-4700-BDB5-6A305153D414}.Release|Any CPU.Build.0 = Release|Any CPU
		{E6FDB5CF-EEC4-4E47-B38C-22B39F27F4BA}.Debug|Any CPU.ActiveCfg = Debug|Any CPU
		{E6FDB5CF-EEC4-4E47-B38C-22B39F27F4BA}.Debug|Any CPU.Build.0 = Debug|Any CPU
		{E6FDB5CF-EEC4-4E47-B38C-22B39F27F4BA}.Release|Any CPU.ActiveCfg = Release|Any CPU
		{E6FDB5CF-EEC4-4E47-B38C-22B39F27F4BA}.Release|Any CPU.Build.0 = Release|Any CPU
		{E513EE92-49DB-4683-A732-D4702F7C09AA}.Debug|Any CPU.ActiveCfg = Debug|Any CPU
		{E513EE92-49DB-4683-A732-D4702F7C09AA}.Debug|Any CPU.Build.0 = Debug|Any CPU
		{E513EE92-49DB-4683-A732-D4702F7C09AA}.Release|Any CPU.ActiveCfg = Release|Any CPU
		{E513EE92-49DB-4683-A732-D4702F7C09AA}.Release|Any CPU.Build.0 = Release|Any CPU
		{97BEC4F5-9086-42E4-9956-5D6C39189F6A}.Debug|Any CPU.ActiveCfg = Debug|Any CPU
		{97BEC4F5-9086-42E4-9956-5D6C39189F6A}.Debug|Any CPU.Build.0 = Debug|Any CPU
		{97BEC4F5-9086-42E4-9956-5D6C39189F6A}.Release|Any CPU.ActiveCfg = Release|Any CPU
		{97BEC4F5-9086-42E4-9956-5D6C39189F6A}.Release|Any CPU.Build.0 = Release|Any CPU
	EndGlobalSection
	GlobalSection(SolutionProperties) = preSolution
		HideSolutionNode = FALSE
	EndGlobalSection
	GlobalSection(NestedProjects) = preSolution
		{9A761907-0A38-42C9-86B4-32B28DFD5918} = {44E51237-364C-43CD-A4DF-E21CC5B98B97}
		{2F822DFA-63EC-4E78-9F52-E98469A5FC5E} = {774D1338-4058-4544-ADDA-D5A33EB5E499}
		{3796CEC7-58CC-4399-9480-6866D8039599} = {C2264DEA-9138-4F51-823C-D01328C1EDDB}
		{BA457EC0-2AFB-45BB-8A21-0FAB1E95C2AE} = {774D1338-4058-4544-ADDA-D5A33EB5E499}
		{98DC6BEF-D925-4037-A414-A7958BD53B76} = {774D1338-4058-4544-ADDA-D5A33EB5E499}
		{5F3F67AD-1EB7-4700-BDB5-6A305153D414} = {058CA041-BF8F-42B6-9FB6-85AD54CFD8D2}
		{E6FDB5CF-EEC4-4E47-B38C-22B39F27F4BA} = {774D1338-4058-4544-ADDA-D5A33EB5E499}
		{E513EE92-49DB-4683-A732-D4702F7C09AA} = {8A8FB42E-0340-4A8B-AE76-6E1C0AB6A01A}
		{97BEC4F5-9086-42E4-9956-5D6C39189F6A} = {8A8FB42E-0340-4A8B-AE76-6E1C0AB6A01A}
	EndGlobalSection
EndGlobal
